// !$*UTF8*$!
{
	archiveVersion = 1;
	classes = {
	};
	objectVersion = 50;
	objects = {

/* Begin PBXBuildFile section */
		29AB78D428386ADA00FBAD65 /* HomeViewController.swift in Sources */ = {isa = PBXBuildFile; fileRef = 29AB78D328386ADA00FBAD65 /* HomeViewController.swift */; };
		29AB78D82838777300FBAD65 /* ProductViewCell.swift in Sources */ = {isa = PBXBuildFile; fileRef = 29AB78D72838777300FBAD65 /* ProductViewCell.swift */; };
		29ACA24228385F4600BDD775 /* Utility.swift in Sources */ = {isa = PBXBuildFile; fileRef = 29ACA24128385F4600BDD775 /* Utility.swift */; };
		29ACA24528385F6A00BDD775 /* RegisterViewController.swift in Sources */ = {isa = PBXBuildFile; fileRef = 29ACA24428385F6A00BDD775 /* RegisterViewController.swift */; };
		29ACA24828385FA600BDD775 /* Cart.swift in Sources */ = {isa = PBXBuildFile; fileRef = 29ACA24728385FA600BDD775 /* Cart.swift */; };
		29ACA24B28385FF300BDD775 /* User.swift in Sources */ = {isa = PBXBuildFile; fileRef = 29ACA24A28385FF300BDD775 /* User.swift */; };
		29ACA24E2838600100BDD775 /* Product.swift in Sources */ = {isa = PBXBuildFile; fileRef = 29ACA24D2838600100BDD775 /* Product.swift */; };
		29ACA2512838604400BDD775 /* Shared.swift in Sources */ = {isa = PBXBuildFile; fileRef = 29ACA2502838604400BDD775 /* Shared.swift */; };
		793ECBFC282AA70900FD7174 /* AppDelegate.swift in Sources */ = {isa = PBXBuildFile; fileRef = 793ECBFB282AA70900FD7174 /* AppDelegate.swift */; };
		793ECBFE282AA70900FD7174 /* SceneDelegate.swift in Sources */ = {isa = PBXBuildFile; fileRef = 793ECBFD282AA70900FD7174 /* SceneDelegate.swift */; };
		793ECC00282AA70900FD7174 /* ViewController.swift in Sources */ = {isa = PBXBuildFile; fileRef = 793ECBFF282AA70900FD7174 /* ViewController.swift */; };
		793ECC03282AA70900FD7174 /* Main.storyboard in Resources */ = {isa = PBXBuildFile; fileRef = 793ECC01282AA70900FD7174 /* Main.storyboard */; };
		793ECC06282AA70900FD7174 /* MyFoodTruck.xcdatamodeld in Sources */ = {isa = PBXBuildFile; fileRef = 793ECC04282AA70900FD7174 /* MyFoodTruck.xcdatamodeld */; };
		793ECC08282AA71000FD7174 /* Assets.xcassets in Resources */ = {isa = PBXBuildFile; fileRef = 793ECC07282AA71000FD7174 /* Assets.xcassets */; };
		793ECC0B282AA71000FD7174 /* LaunchScreen.storyboard in Resources */ = {isa = PBXBuildFile; fileRef = 793ECC09282AA71000FD7174 /* LaunchScreen.storyboard */; };
		793ECC16282AA75000FD7174 /* Param.swift in Sources */ = {isa = PBXBuildFile; fileRef = 793ECC15282AA75000FD7174 /* Param.swift */; };
/* End PBXBuildFile section */

/* Begin PBXFileReference section */
		29AB78D328386ADA00FBAD65 /* HomeViewController.swift */ = {isa = PBXFileReference; fileEncoding = 4; lastKnownFileType = sourcecode.swift; path = HomeViewController.swift; sourceTree = "<group>"; };
		29AB78D72838777300FBAD65 /* ProductViewCell.swift */ = {isa = PBXFileReference; lastKnownFileType = sourcecode.swift; path = ProductViewCell.swift; sourceTree = "<group>"; };
		29ACA24128385F4600BDD775 /* Utility.swift */ = {isa = PBXFileReference; fileEncoding = 4; lastKnownFileType = sourcecode.swift; path = Utility.swift; sourceTree = "<group>"; };
		29ACA24428385F6A00BDD775 /* RegisterViewController.swift */ = {isa = PBXFileReference; fileEncoding = 4; lastKnownFileType = sourcecode.swift; path = RegisterViewController.swift; sourceTree = "<group>"; };
		29ACA24728385FA600BDD775 /* Cart.swift */ = {isa = PBXFileReference; lastKnownFileType = sourcecode.swift; path = Cart.swift; sourceTree = "<group>"; };
		29ACA24A28385FF300BDD775 /* User.swift */ = {isa = PBXFileReference; fileEncoding = 4; lastKnownFileType = sourcecode.swift; path = User.swift; sourceTree = "<group>"; };
		29ACA24D2838600100BDD775 /* Product.swift */ = {isa = PBXFileReference; lastKnownFileType = sourcecode.swift; path = Product.swift; sourceTree = "<group>"; };
		29ACA2502838604400BDD775 /* Shared.swift */ = {isa = PBXFileReference; lastKnownFileType = sourcecode.swift; path = Shared.swift; sourceTree = "<group>"; };
		793ECBF8282AA70900FD7174 /* MyFoodTruck.app */ = {isa = PBXFileReference; explicitFileType = wrapper.application; includeInIndex = 0; path = MyFoodTruck.app; sourceTree = BUILT_PRODUCTS_DIR; };
		793ECBFB282AA70900FD7174 /* AppDelegate.swift */ = {isa = PBXFileReference; lastKnownFileType = sourcecode.swift; path = AppDelegate.swift; sourceTree = "<group>"; };
		793ECBFD282AA70900FD7174 /* SceneDelegate.swift */ = {isa = PBXFileReference; lastKnownFileType = sourcecode.swift; path = SceneDelegate.swift; sourceTree = "<group>"; };
		793ECBFF282AA70900FD7174 /* ViewController.swift */ = {isa = PBXFileReference; lastKnownFileType = sourcecode.swift; path = ViewController.swift; sourceTree = "<group>"; };
		793ECC02282AA70900FD7174 /* Base */ = {isa = PBXFileReference; lastKnownFileType = file.storyboard; name = Base; path = Base.lproj/Main.storyboard; sourceTree = "<group>"; };
		793ECC05282AA70900FD7174 /* MyFoodTruck.xcdatamodel */ = {isa = PBXFileReference; lastKnownFileType = wrapper.xcdatamodel; path = MyFoodTruck.xcdatamodel; sourceTree = "<group>"; };
		793ECC07282AA71000FD7174 /* Assets.xcassets */ = {isa = PBXFileReference; lastKnownFileType = folder.assetcatalog; path = Assets.xcassets; sourceTree = "<group>"; };
		793ECC0A282AA71000FD7174 /* Base */ = {isa = PBXFileReference; lastKnownFileType = file.storyboard; name = Base; path = Base.lproj/LaunchScreen.storyboard; sourceTree = "<group>"; };
		793ECC0C282AA71000FD7174 /* Info.plist */ = {isa = PBXFileReference; lastKnownFileType = text.plist.xml; path = Info.plist; sourceTree = "<group>"; };
		793ECC15282AA75000FD7174 /* Param.swift */ = {isa = PBXFileReference; lastKnownFileType = sourcecode.swift; path = Param.swift; sourceTree = "<group>"; };
/* End PBXFileReference section */

/* Begin PBXFrameworksBuildPhase section */
		793ECBF5282AA70900FD7174 /* Frameworks */ = {
			isa = PBXFrameworksBuildPhase;
			buildActionMask = 2147483647;
			files = (
			);
			runOnlyForDeploymentPostprocessing = 0;
		};
/* End PBXFrameworksBuildPhase section */

/* Begin PBXGroup section */
		793ECBEF282AA70900FD7174 = {
			isa = PBXGroup;
			children = (
				793ECBFA282AA70900FD7174 /* MyFoodTruck */,
				793ECBF9282AA70900FD7174 /* Products */,
			);
			sourceTree = "<group>";
		};
		793ECBF9282AA70900FD7174 /* Products */ = {
			isa = PBXGroup;
			children = (
				793ECBF8282AA70900FD7174 /* MyFoodTruck.app */,
			);
			name = Products;
			sourceTree = "<group>";
		};
		793ECBFA282AA70900FD7174 /* MyFoodTruck */ = {
			isa = PBXGroup;
			children = (
				793ECC1A282AA76000FD7174 /* View */,
				793ECC14282AA73500FD7174 /* Model */,
				793ECC13282AA71F00FD7174 /* Controller */,
				793ECBFB282AA70900FD7174 /* AppDelegate.swift */,
				793ECBFD282AA70900FD7174 /* SceneDelegate.swift */,
				793ECC07282AA71000FD7174 /* Assets.xcassets */,
				793ECC0C282AA71000FD7174 /* Info.plist */,
			);
			path = MyFoodTruck;
			sourceTree = "<group>";
		};
		793ECC13282AA71F00FD7174 /* Controller */ = {
			isa = PBXGroup;
			children = (
				793ECBFF282AA70900FD7174 /* ViewController.swift */,
				29ACA24428385F6A00BDD775 /* RegisterViewController.swift */,
				29AB78D328386ADA00FBAD65 /* HomeViewController.swift */,
			);
			path = Controller;
			sourceTree = "<group>";
		};
		793ECC14282AA73500FD7174 /* Model */ = {
			isa = PBXGroup;
			children = (
				793ECC04282AA70900FD7174 /* MyFoodTruck.xcdatamodeld */,
				793ECC15282AA75000FD7174 /* Param.swift */,
				29ACA24128385F4600BDD775 /* Utility.swift */,
				29ACA24728385FA600BDD775 /* Cart.swift */,
				29ACA24A28385FF300BDD775 /* User.swift */,
				29ACA24D2838600100BDD775 /* Product.swift */,
				29ACA2502838604400BDD775 /* Shared.swift */,
			);
			path = Model;
			sourceTree = "<group>";
		};
		793ECC1A282AA76000FD7174 /* View */ = {
			isa = PBXGroup;
			children = (
				793ECC01282AA70900FD7174 /* Main.storyboard */,
				793ECC09282AA71000FD7174 /* LaunchScreen.storyboard */,
				29AB78D72838777300FBAD65 /* ProductViewCell.swift */,
			);
			path = View;
			sourceTree = "<group>";
		};
/* End PBXGroup section */

/* Begin PBXNativeTarget section */
		793ECBF7282AA70900FD7174 /* MyFoodTruck */ = {
			isa = PBXNativeTarget;
			buildConfigurationList = 793ECC0F282AA71000FD7174 /* Build configuration list for PBXNativeTarget "MyFoodTruck" */;
			buildPhases = (
				793ECBF4282AA70900FD7174 /* Sources */,
				793ECBF5282AA70900FD7174 /* Frameworks */,
				793ECBF6282AA70900FD7174 /* Resources */,
			);
			buildRules = (
			);
			dependencies = (
			);
			name = MyFoodTruck;
			productName = MyFoodTruck;
			productReference = 793ECBF8282AA70900FD7174 /* MyFoodTruck.app */;
			productType = "com.apple.product-type.application";
		};
/* End PBXNativeTarget section */

/* Begin PBXProject section */
		793ECBF0282AA70900FD7174 /* Project object */ = {
			isa = PBXProject;
			attributes = {
				LastSwiftUpdateCheck = 1240;
				LastUpgradeCheck = 1240;
				TargetAttributes = {
					793ECBF7282AA70900FD7174 = {
						CreatedOnToolsVersion = 12.4;
					};
				};
			};
			buildConfigurationList = 793ECBF3282AA70900FD7174 /* Build configuration list for PBXProject "MyFoodTruck" */;
			compatibilityVersion = "Xcode 9.3";
			developmentRegion = en;
			hasScannedForEncodings = 0;
			knownRegions = (
				en,
				Base,
			);
			mainGroup = 793ECBEF282AA70900FD7174;
			productRefGroup = 793ECBF9282AA70900FD7174 /* Products */;
			projectDirPath = "";
			projectRoot = "";
			targets = (
				793ECBF7282AA70900FD7174 /* MyFoodTruck */,
			);
		};
/* End PBXProject section */

/* Begin PBXResourcesBuildPhase section */
		793ECBF6282AA70900FD7174 /* Resources */ = {
			isa = PBXResourcesBuildPhase;
			buildActionMask = 2147483647;
			files = (
				793ECC0B282AA71000FD7174 /* LaunchScreen.storyboard in Resources */,
				793ECC08282AA71000FD7174 /* Assets.xcassets in Resources */,
				793ECC03282AA70900FD7174 /* Main.storyboard in Resources */,
			);
			runOnlyForDeploymentPostprocessing = 0;
		};
/* End PBXResourcesBuildPhase section */

/* Begin PBXSourcesBuildPhase section */
		793ECBF4282AA70900FD7174 /* Sources */ = {
			isa = PBXSourcesBuildPhase;
			buildActionMask = 2147483647;
			files = (
				793ECC00282AA70900FD7174 /* ViewController.swift in Sources */,
				793ECC16282AA75000FD7174 /* Param.swift in Sources */,
				29ACA24528385F6A00BDD775 /* RegisterViewController.swift in Sources */,
				29ACA24228385F4600BDD775 /* Utility.swift in Sources */,
				793ECBFC282AA70900FD7174 /* AppDelegate.swift in Sources */,
				29ACA24B28385FF300BDD775 /* User.swift in Sources */,
				793ECBFE282AA70900FD7174 /* SceneDelegate.swift in Sources */,
				29AB78D82838777300FBAD65 /* ProductViewCell.swift in Sources */,
				29ACA24E2838600100BDD775 /* Product.swift in Sources */,
				793ECC06282AA70900FD7174 /* MyFoodTruck.xcdatamodeld in Sources */,
				29ACA2512838604400BDD775 /* Shared.swift in Sources */,
				29ACA24828385FA600BDD775 /* Cart.swift in Sources */,
				29AB78D428386ADA00FBAD65 /* HomeViewController.swift in Sources */,
			);
			runOnlyForDeploymentPostprocessing = 0;
		};
/* End PBXSourcesBuildPhase section */

/* Begin PBXVariantGroup section */
		793ECC01282AA70900FD7174 /* Main.storyboard */ = {
			isa = PBXVariantGroup;
			children = (
				793ECC02282AA70900FD7174 /* Base */,
			);
			name = Main.storyboard;
			sourceTree = "<group>";
		};
		793ECC09282AA71000FD7174 /* LaunchScreen.storyboard */ = {
			isa = PBXVariantGroup;
			children = (
				793ECC0A282AA71000FD7174 /* Base */,
			);
			name = LaunchScreen.storyboard;
			sourceTree = "<group>";
		};
/* End PBXVariantGroup section */

/* Begin XCBuildConfiguration section */
		793ECC0D282AA71000FD7174 /* Debug */ = {
			isa = XCBuildConfiguration;
			buildSettings = {
				ALWAYS_SEARCH_USER_PATHS = NO;
				CLANG_ANALYZER_NONNULL = YES;
				CLANG_ANALYZER_NUMBER_OBJECT_CONVERSION = YES_AGGRESSIVE;
				CLANG_CXX_LANGUAGE_STANDARD = "gnu++14";
				CLANG_CXX_LIBRARY = "libc++";
				CLANG_ENABLE_MODULES = YES;
				CLANG_ENABLE_OBJC_ARC = YES;
				CLANG_ENABLE_OBJC_WEAK = YES;
				CLANG_WARN_BLOCK_CAPTURE_AUTORELEASING = YES;
				CLANG_WARN_BOOL_CONVERSION = YES;
				CLANG_WARN_COMMA = YES;
				CLANG_WARN_CONSTANT_CONVERSION = YES;
				CLANG_WARN_DEPRECATED_OBJC_IMPLEMENTATIONS = YES;
				CLANG_WARN_DIRECT_OBJC_ISA_USAGE = YES_ERROR;
				CLANG_WARN_DOCUMENTATION_COMMENTS = YES;
				CLANG_WARN_EMPTY_BODY = YES;
				CLANG_WARN_ENUM_CONVERSION = YES;
				CLANG_WARN_INFINITE_RECURSION = YES;
				CLANG_WARN_INT_CONVERSION = YES;
				CLANG_WARN_NON_LITERAL_NULL_CONVERSION = YES;
				CLANG_WARN_OBJC_IMPLICIT_RETAIN_SELF = YES;
				CLANG_WARN_OBJC_LITERAL_CONVERSION = YES;
				CLANG_WARN_OBJC_ROOT_CLASS = YES_ERROR;
				CLANG_WARN_QUOTED_INCLUDE_IN_FRAMEWORK_HEADER = YES;
				CLANG_WARN_RANGE_LOOP_ANALYSIS = YES;
				CLANG_WARN_STRICT_PROTOTYPES = YES;
				CLANG_WARN_SUSPICIOUS_MOVE = YES;
				CLANG_WARN_UNGUARDED_AVAILABILITY = YES_AGGRESSIVE;
				CLANG_WARN_UNREACHABLE_CODE = YES;
				CLANG_WARN__DUPLICATE_METHOD_MATCH = YES;
				COPY_PHASE_STRIP = NO;
				DEBUG_INFORMATION_FORMAT = dwarf;
				ENABLE_STRICT_OBJC_MSGSEND = YES;
				ENABLE_TESTABILITY = YES;
				GCC_C_LANGUAGE_STANDARD = gnu11;
				GCC_DYNAMIC_NO_PIC = NO;
				GCC_NO_COMMON_BLOCKS = YES;
				GCC_OPTIMIZATION_LEVEL = 0;
				GCC_PREPROCESSOR_DEFINITIONS = (
					"DEBUG=1",
					"$(inherited)",
				);
				GCC_WARN_64_TO_32_BIT_CONVERSION = YES;
				GCC_WARN_ABOUT_RETURN_TYPE = YES_ERROR;
				GCC_WARN_UNDECLARED_SELECTOR = YES;
				GCC_WARN_UNINITIALIZED_AUTOS = YES_AGGRESSIVE;
				GCC_WARN_UNUSED_FUNCTION = YES;
				GCC_WARN_UNUSED_VARIABLE = YES;
				IPHONEOS_DEPLOYMENT_TARGET = 14.4;
				MTL_ENABLE_DEBUG_INFO = INCLUDE_SOURCE;
				MTL_FAST_MATH = YES;
				ONLY_ACTIVE_ARCH = YES;
				SDKROOT = iphoneos;
				SWIFT_ACTIVE_COMPILATION_CONDITIONS = DEBUG;
				SWIFT_OPTIMIZATION_LEVEL = "-Onone";
			};
			name = Debug;
		};
		793ECC0E282AA71000FD7174 /* Release */ = {
			isa = XCBuildConfiguration;
			buildSettings = {
				ALWAYS_SEARCH_USER_PATHS = NO;
				CLANG_ANALYZER_NONNULL = YES;
				CLANG_ANALYZER_NUMBER_OBJECT_CONVERSION = YES_AGGRESSIVE;
				CLANG_CXX_LANGUAGE_STANDARD = "gnu++14";
				CLANG_CXX_LIBRARY = "libc++";
				CLANG_ENABLE_MODULES = YES;
				CLANG_ENABLE_OBJC_ARC = YES;
				CLANG_ENABLE_OBJC_WEAK = YES;
				CLANG_WARN_BLOCK_CAPTURE_AUTORELEASING = YES;
				CLANG_WARN_BOOL_CONVERSION = YES;
				CLANG_WARN_COMMA = YES;
				CLANG_WARN_CONSTANT_CONVERSION = YES;
				CLANG_WARN_DEPRECATED_OBJC_IMPLEMENTATIONS = YES;
				CLANG_WARN_DIRECT_OBJC_ISA_USAGE = YES_ERROR;
				CLANG_WARN_DOCUMENTATION_COMMENTS = YES;
				CLANG_WARN_EMPTY_BODY = YES;
				CLANG_WARN_ENUM_CONVERSION = YES;
				CLANG_WARN_INFINITE_RECURSION = YES;
				CLANG_WARN_INT_CONVERSION = YES;
				CLANG_WARN_NON_LITERAL_NULL_CONVERSION = YES;
				CLANG_WARN_OBJC_IMPLICIT_RETAIN_SELF = YES;
				CLANG_WARN_OBJC_LITERAL_CONVERSION = YES;
				CLANG_WARN_OBJC_ROOT_CLASS = YES_ERROR;
				CLANG_WARN_QUOTED_INCLUDE_IN_FRAMEWORK_HEADER = YES;
				CLANG_WARN_RANGE_LOOP_ANALYSIS = YES;
				CLANG_WARN_STRICT_PROTOTYPES = YES;
				CLANG_WARN_SUSPICIOUS_MOVE = YES;
				CLANG_WARN_UNGUARDED_AVAILABILITY = YES_AGGRESSIVE;
				CLANG_WARN_UNREACHABLE_CODE = YES;
				CLANG_WARN__DUPLICATE_METHOD_MATCH = YES;
				COPY_PHASE_STRIP = NO;
				DEBUG_INFORMATION_FORMAT = "dwarf-with-dsym";
				ENABLE_NS_ASSERTIONS = NO;
				ENABLE_STRICT_OBJC_MSGSEND = YES;
				GCC_C_LANGUAGE_STANDARD = gnu11;
				GCC_NO_COMMON_BLOCKS = YES;
				GCC_WARN_64_TO_32_BIT_CONVERSION = YES;
				GCC_WARN_ABOUT_RETURN_TYPE = YES_ERROR;
				GCC_WARN_UNDECLARED_SELECTOR = YES;
				GCC_WARN_UNINITIALIZED_AUTOS = YES_AGGRESSIVE;
				GCC_WARN_UNUSED_FUNCTION = YES;
				GCC_WARN_UNUSED_VARIABLE = YES;
				IPHONEOS_DEPLOYMENT_TARGET = 14.4;
				MTL_ENABLE_DEBUG_INFO = NO;
				MTL_FAST_MATH = YES;
				SDKROOT = iphoneos;
				SWIFT_COMPILATION_MODE = wholemodule;
				SWIFT_OPTIMIZATION_LEVEL = "-O";
				VALIDATE_PRODUCT = YES;
			};
			name = Release;
		};
		793ECC10282AA71000FD7174 /* Debug */ = {
			isa = XCBuildConfiguration;
			buildSettings = {
				ASSETCATALOG_COMPILER_APPICON_NAME = AppIcon;
				ASSETCATALOG_COMPILER_GLOBAL_ACCENT_COLOR_NAME = AccentColor;
				CODE_SIGN_STYLE = Automatic;
				DEVELOPMENT_TEAM = F3UC2R29P4;
				INFOPLIST_FILE = MyFoodTruck/Info.plist;
				LD_RUNPATH_SEARCH_PATHS = (
					"$(inherited)",
					"@executable_path/Frameworks",
				);
				PRODUCT_BUNDLE_IDENTIFIER = UTS.MyFoodTruck;
				PRODUCT_NAME = "$(TARGET_NAME)";
				SWIFT_VERSION = 5.0;
				TARGETED_DEVICE_FAMILY = "1,2";
			};
			name = Debug;
		};
		793ECC11282AA71000FD7174 /* Release */ = {
			isa = XCBuildConfiguration;
			buildSettings = {
				ASSETCATALOG_COMPILER_APPICON_NAME = AppIcon;
				ASSETCATALOG_COMPILER_GLOBAL_ACCENT_COLOR_NAME = AccentColor;
				CODE_SIGN_STYLE = Automatic;
				DEVELOPMENT_TEAM = F3UC2R29P4;
				INFOPLIST_FILE = MyFoodTruck/Info.plist;
				LD_RUNPATH_SEARCH_PATHS = (
					"$(inherited)",
					"@executable_path/Frameworks",
				);
				PRODUCT_BUNDLE_IDENTIFIER = UTS.MyFoodTruck;
				PRODUCT_NAME = "$(TARGET_NAME)";
				SWIFT_VERSION = 5.0;
				TARGETED_DEVICE_FAMILY = "1,2";
			};
			name = Release;
		};
/* End XCBuildConfiguration section */

/* Begin XCConfigurationList section */
		793ECBF3282AA70900FD7174 /* Build configuration list for PBXProject "MyFoodTruck" */ = {
			isa = XCConfigurationList;
			buildConfigurations = (
				793ECC0D282AA71000FD7174 /* Debug */,
				793ECC0E282AA71000FD7174 /* Release */,
			);
			defaultConfigurationIsVisible = 0;
			defaultConfigurationName = Release;
		};
		793ECC0F282AA71000FD7174 /* Build configuration list for PBXNativeTarget "MyFoodTruck" */ = {
			isa = XCConfigurationList;
			buildConfigurations = (
				793ECC10282AA71000FD7174 /* Debug */,
				793ECC11282AA71000FD7174 /* Release */,
			);
			defaultConfigurationIsVisible = 0;
			defaultConfigurationName = Release;
		};
/* End XCConfigurationList section */

/* Begin XCVersionGroup section */
		793ECC04282AA70900FD7174 /* MyFoodTruck.xcdatamodeld */ = {
			isa = XCVersionGroup;
			children = (
				793ECC05282AA70900FD7174 /* MyFoodTruck.xcdatamodel */,
			);
			currentVersion = 793ECC05282AA70900FD7174 /* MyFoodTruck.xcdatamodel */;
			path = MyFoodTruck.xcdatamodeld;
			sourceTree = "<group>";
			versionGroupType = wrapper.xcdatamodel;
		};
/* End XCVersionGroup section */
	};
	rootObject = 793ECBF0282AA70900FD7174 /* Project object */;
}
